
Microsoft Visual Studio Solution File, Format Version 12.00
# Visual Studio Version 16
VisualStudioVersion = 16.0.29424.173
MinimumVisualStudioVersion = 10.0.40219.1
Project("{FAE04EC0-301F-11D3-BF4B-00C04F79EFBC}") = "MichaelC_301106259_A2", "MichaelC_301106259_A2\MichaelC_301106259_A2.csproj", "{367300B1-E6B1-4901-B73D-77EA0DC47E95}"
EndProject
Global
	GlobalSection(SolutionConfigurationPlatforms) = preSolution
		Debug|Any CPU = Debug|Any CPU
		Release|Any CPU = Release|Any CPU
	EndGlobalSection
	GlobalSection(ProjectConfigurationPlatforms) = postSolution
		{367300B1-E6B1-4901-B73D-77EA0DC47E95}.Debug|Any CPU.ActiveCfg = Debug|Any CPU
		{367300B1-E6B1-4901-B73D-77EA0DC47E95}.Debug|Any CPU.Build.0 = Debug|Any CPU
		{367300B1-E6B1-4901-B73D-77EA0DC47E95}.Release|Any CPU.ActiveCfg = Release|Any CPU
		{367300B1-E6B1-4901-B73D-77EA0DC47E95}.Release|Any CPU.Build.0 = Release|Any CPU
	EndGlobalSection
	GlobalSection(SolutionProperties) = preSolution
		HideSolutionNode = FALSE
	EndGlobalSection
	GlobalSection(ExtensibilityGlobals) = postSolution
		SolutionGuid = {08B77796-8114-4A51-AA32-2B7B83433679}
	EndGlobalSection
EndGlobal
