
Microsoft Visual Studio Solution File, Format Version 12.00
# Visual Studio Version 16
VisualStudioVersion = 16.0.29709.97
MinimumVisualStudioVersion = 10.0.40219.1
Project("{FAE04EC0-301F-11D3-BF4B-00C04F79EFBC}") = "MichaelC_301106259_A3", "MichaelC_301106259_A3\MichaelC_301106259_A3.csproj", "{E033338C-8B2A-452A-9031-F2ECA383F208}"
EndProject
Global
	GlobalSection(SolutionConfigurationPlatforms) = preSolution
		Debug|Any CPU = Debug|Any CPU
		Release|Any CPU = Release|Any CPU
	EndGlobalSection
	GlobalSection(ProjectConfigurationPlatforms) = postSolution
		{E033338C-8B2A-452A-9031-F2ECA383F208}.Debug|Any CPU.ActiveCfg = Debug|Any CPU
		{E033338C-8B2A-452A-9031-F2ECA383F208}.Debug|Any CPU.Build.0 = Debug|Any CPU
		{E033338C-8B2A-452A-9031-F2ECA383F208}.Release|Any CPU.ActiveCfg = Release|Any CPU
		{E033338C-8B2A-452A-9031-F2ECA383F208}.Release|Any CPU.Build.0 = Release|Any CPU
	EndGlobalSection
	GlobalSection(SolutionProperties) = preSolution
		HideSolutionNode = FALSE
	EndGlobalSection
	GlobalSection(ExtensibilityGlobals) = postSolution
		SolutionGuid = {D897A3CB-1AEA-469A-A4C2-B0456C617408}
	EndGlobalSection
EndGlobal
