
Microsoft Visual Studio Solution File, Format Version 12.00
# Visual Studio Version 16
VisualStudioVersion = 16.0.29424.173
MinimumVisualStudioVersion = 10.0.40219.1
Project("{FAE04EC0-301F-11D3-BF4B-00C04F79EFBC}") = "Assignment1", "Assignment1\Assignment1.csproj", "{56EE6772-BFCA-43FA-AEDF-87E430BA96EC}"
EndProject
Global
	GlobalSection(SolutionConfigurationPlatforms) = preSolution
		Debug|Any CPU = Debug|Any CPU
		Release|Any CPU = Release|Any CPU
	EndGlobalSection
	GlobalSection(ProjectConfigurationPlatforms) = postSolution
		{56EE6772-BFCA-43FA-AEDF-87E430BA96EC}.Debug|Any CPU.ActiveCfg = Debug|Any CPU
		{56EE6772-BFCA-43FA-AEDF-87E430BA96EC}.Debug|Any CPU.Build.0 = Debug|Any CPU
		{56EE6772-BFCA-43FA-AEDF-87E430BA96EC}.Release|Any CPU.ActiveCfg = Release|Any CPU
		{56EE6772-BFCA-43FA-AEDF-87E430BA96EC}.Release|Any CPU.Build.0 = Release|Any CPU
	EndGlobalSection
	GlobalSection(SolutionProperties) = preSolution
		HideSolutionNode = FALSE
	EndGlobalSection
	GlobalSection(ExtensibilityGlobals) = postSolution
		SolutionGuid = {91F9B6C0-2ABA-46DD-967D-28AC294B3894}
	EndGlobalSection
EndGlobal
